
Microsoft Visual Studio Solution File, Format Version 12.00
# Visual Studio 15
VisualStudioVersion = 15.0.26206.0
MinimumVisualStudioVersion = 10.0.40219.1
Project("{2150E333-8FDC-42A3-9474-1A3956D46DE8}") = "src", "src", "{CCC0726A-72BF-4209-907F-1E26DCA00113}"
EndProject
Project("{2150E333-8FDC-42A3-9474-1A3956D46DE8}") = "Solution Items", "Solution Items", "{F23EA063-8CF4-4A1B-8AF1-4A75AC23F7EA}"
EndProject
Project("{9A19103F-16F7-4668-BE54-9A1E7A4F7556}") = "AB.Bootstrapper", "src\AB.Bootstrapper\AB.Bootstrapper.csproj", "{0E349D42-E7F5-4158-A0DE-8F3721D0BFE8}"
EndProject
Project("{9A19103F-16F7-4668-BE54-9A1E7A4F7556}") = "AB.Bootstrapper.MongoDb", "src\AB.Bootstrapper.MongoDb\AB.Bootstrapper.MongoDb.csproj", "{54A1F7EE-606E-4ADE-A18E-D9241DAC41F5}"
EndProject
Project("{9A19103F-16F7-4668-BE54-9A1E7A4F7556}") = "AB.Bootstrapper.Postgres", "src\AB.Bootstrapper.Postgres\AB.Bootstrapper.Postgres.csproj", "{0F847E71-2C93-455B-B7BD-45E183072A32}"
EndProject
Project("{9A19103F-16F7-4668-BE54-9A1E7A4F7556}") = "AB.Bootstrapper.Arango", "src\AB.Bootstrapper.Arango\AB.Bootstrapper.Arango.csproj", "{497BB091-550A-43ED-988C-FA03EB78F900}"
EndProject
Global
	GlobalSection(SolutionConfigurationPlatforms) = preSolution
		Debug|Any CPU = Debug|Any CPU
		Release|Any CPU = Release|Any CPU
	EndGlobalSection
	GlobalSection(ProjectConfigurationPlatforms) = postSolution
		{0E349D42-E7F5-4158-A0DE-8F3721D0BFE8}.Debug|Any CPU.ActiveCfg = Debug|Any CPU
		{0E349D42-E7F5-4158-A0DE-8F3721D0BFE8}.Debug|Any CPU.Build.0 = Debug|Any CPU
		{0E349D42-E7F5-4158-A0DE-8F3721D0BFE8}.Release|Any CPU.ActiveCfg = Release|Any CPU
		{0E349D42-E7F5-4158-A0DE-8F3721D0BFE8}.Release|Any CPU.Build.0 = Release|Any CPU
		{54A1F7EE-606E-4ADE-A18E-D9241DAC41F5}.Debug|Any CPU.ActiveCfg = Debug|Any CPU
		{54A1F7EE-606E-4ADE-A18E-D9241DAC41F5}.Debug|Any CPU.Build.0 = Debug|Any CPU
		{54A1F7EE-606E-4ADE-A18E-D9241DAC41F5}.Release|Any CPU.ActiveCfg = Release|Any CPU
		{54A1F7EE-606E-4ADE-A18E-D9241DAC41F5}.Release|Any CPU.Build.0 = Release|Any CPU
		{0F847E71-2C93-455B-B7BD-45E183072A32}.Debug|Any CPU.ActiveCfg = Debug|Any CPU
		{0F847E71-2C93-455B-B7BD-45E183072A32}.Debug|Any CPU.Build.0 = Debug|Any CPU
		{0F847E71-2C93-455B-B7BD-45E183072A32}.Release|Any CPU.ActiveCfg = Release|Any CPU
		{0F847E71-2C93-455B-B7BD-45E183072A32}.Release|Any CPU.Build.0 = Release|Any CPU
		{497BB091-550A-43ED-988C-FA03EB78F900}.Debug|Any CPU.ActiveCfg = Debug|Any CPU
		{497BB091-550A-43ED-988C-FA03EB78F900}.Debug|Any CPU.Build.0 = Debug|Any CPU
		{497BB091-550A-43ED-988C-FA03EB78F900}.Release|Any CPU.ActiveCfg = Release|Any CPU
		{497BB091-550A-43ED-988C-FA03EB78F900}.Release|Any CPU.Build.0 = Release|Any CPU
	EndGlobalSection
	GlobalSection(SolutionProperties) = preSolution
		HideSolutionNode = FALSE
	EndGlobalSection
	GlobalSection(NestedProjects) = preSolution
		{0E349D42-E7F5-4158-A0DE-8F3721D0BFE8} = {CCC0726A-72BF-4209-907F-1E26DCA00113}
		{54A1F7EE-606E-4ADE-A18E-D9241DAC41F5} = {CCC0726A-72BF-4209-907F-1E26DCA00113}
		{0F847E71-2C93-455B-B7BD-45E183072A32} = {CCC0726A-72BF-4209-907F-1E26DCA00113}
		{497BB091-550A-43ED-988C-FA03EB78F900} = {CCC0726A-72BF-4209-907F-1E26DCA00113}
	EndGlobalSection
EndGlobal
